
Microsoft Visual Studio Solution File, Format Version 12.00
# Visual Studio 15
VisualStudioVersion = 15.0.27004.2005
MinimumVisualStudioVersion = 10.0.40219.1
Project("{FAE04EC0-301F-11D3-BF4B-00C04F79EFBC}") = "MyMVA", "MyMVA\MyMVA.csproj", "{48B36AE4-9344-4431-99E3-1AA41CBF40E6}"
EndProject
Global
	GlobalSection(SolutionConfigurationPlatforms) = preSolution
		Debug|Any CPU = Debug|Any CPU
		Release|Any CPU = Release|Any CPU
	EndGlobalSection
	GlobalSection(ProjectConfigurationPlatforms) = postSolution
		{48B36AE4-9344-4431-99E3-1AA41CBF40E6}.Debug|Any CPU.ActiveCfg = Debug|Any CPU
		{48B36AE4-9344-4431-99E3-1AA41CBF40E6}.Debug|Any CPU.Build.0 = Debug|Any CPU
		{48B36AE4-9344-4431-99E3-1AA41CBF40E6}.Release|Any CPU.ActiveCfg = Release|Any CPU
		{48B36AE4-9344-4431-99E3-1AA41CBF40E6}.Release|Any CPU.Build.0 = Release|Any CPU
	EndGlobalSection
	GlobalSection(SolutionProperties) = preSolution
		HideSolutionNode = FALSE
	EndGlobalSection
	GlobalSection(ExtensibilityGlobals) = postSolution
		SolutionGuid = {3228F314-1148-4420-9D29-27EBAA3B770A}
	EndGlobalSection
EndGlobal
